
Microsoft Visual Studio Solution File, Format Version 12.00
# Visual Studio Version 17
VisualStudioVersion = 17.8.34525.116
MinimumVisualStudioVersion = 10.0.40219.1
Project("{888888A0-9F3D-457C-B088-3A5042F75D52}") = "lab5", "lab5\lab5.pyproj", "{DBA0D0F6-1FA1-4E0A-9DBB-EA642F7F121A}"
EndProject
Global
	GlobalSection(SolutionConfigurationPlatforms) = preSolution
		Debug|Any CPU = Debug|Any CPU
		Release|Any CPU = Release|Any CPU
	EndGlobalSection
	GlobalSection(ProjectConfigurationPlatforms) = postSolution
		{DBA0D0F6-1FA1-4E0A-9DBB-EA642F7F121A}.Debug|Any CPU.ActiveCfg = Debug|Any CPU
		{DBA0D0F6-1FA1-4E0A-9DBB-EA642F7F121A}.Release|Any CPU.ActiveCfg = Release|Any CPU
	EndGlobalSection
	GlobalSection(SolutionProperties) = preSolution
		HideSolutionNode = FALSE
	EndGlobalSection
	GlobalSection(ExtensibilityGlobals) = postSolution
		SolutionGuid = {FF49E505-E470-4C84-A5A1-07FA4D407636}
	EndGlobalSection
EndGlobal
